
Microsoft Visual Studio Solution File, Format Version 12.00
# Visual Studio Version 17
VisualStudioVersion = 17.7.34031.279
MinimumVisualStudioVersion = 10.0.40219.1
Project("{FAE04EC0-301F-11D3-BF4B-00C04F79EFBC}") = "eduproyectocasa1", "eduproyectocasa1.csproj", "{BFE2763F-96DF-471F-88FA-1E202F1B4A6E}"
EndProject
Global
	GlobalSection(SolutionConfigurationPlatforms) = preSolution
		Debug|Any CPU = Debug|Any CPU
		Release|Any CPU = Release|Any CPU
	EndGlobalSection
	GlobalSection(ProjectConfigurationPlatforms) = postSolution
		{BFE2763F-96DF-471F-88FA-1E202F1B4A6E}.Debug|Any CPU.ActiveCfg = Debug|Any CPU
		{BFE2763F-96DF-471F-88FA-1E202F1B4A6E}.Debug|Any CPU.Build.0 = Debug|Any CPU
		{BFE2763F-96DF-471F-88FA-1E202F1B4A6E}.Release|Any CPU.ActiveCfg = Release|Any CPU
		{BFE2763F-96DF-471F-88FA-1E202F1B4A6E}.Release|Any CPU.Build.0 = Release|Any CPU
	EndGlobalSection
	GlobalSection(SolutionProperties) = preSolution
		HideSolutionNode = FALSE
	EndGlobalSection
	GlobalSection(ExtensibilityGlobals) = postSolution
		SolutionGuid = {957CBDFB-500B-4D58-87CB-6C28B6B25AB6}
	EndGlobalSection
EndGlobal
